
Microsoft Visual Studio Solution File, Format Version 12.00
# Visual Studio Version 17
VisualStudioVersion = 17.6.33815.320
MinimumVisualStudioVersion = 10.0.40219.1
Project("{9A19103F-16F7-4668-BE54-9A1E7A4F7556}") = "eShopApp.Web", "eShopApp.Web\eShopApp.Web.csproj", "{8B46116C-4610-41F1-8D39-FA29FEEBD3C3}"
EndProject
Project("{FAE04EC0-301F-11D3-BF4B-00C04F79EFBC}") = "eShopApp.DataAccessLayer", "eShopApp.DataAccessLayer\eShopApp.DataAccessLayer.csproj", "{AC66B485-4DF9-4839-8F7F-337354B68D29}"
EndProject
Project("{FAE04EC0-301F-11D3-BF4B-00C04F79EFBC}") = "eShopApp.Models", "eShopApp.Models\eShopApp.Models.csproj", "{537E8F2D-FD6C-4344-B1E8-E95926DC6212}"
EndProject
Project("{FAE04EC0-301F-11D3-BF4B-00C04F79EFBC}") = "eShopApp.Utility", "eShopApp.Utility\eShopApp.Utility.csproj", "{EE1A47D7-BE13-49F9-8426-FD440E313814}"
EndProject
Project("{FAE04EC0-301F-11D3-BF4B-00C04F79EFBC}") = "eShopApp.ViewModels", "eShopApp.ViewModels\eShopApp.ViewModels.csproj", "{2F0B30DB-2902-4241-9289-63C13AAB3FFE}"
EndProject
Global
	GlobalSection(SolutionConfigurationPlatforms) = preSolution
		Debug|Any CPU = Debug|Any CPU
		Release|Any CPU = Release|Any CPU
	EndGlobalSection
	GlobalSection(ProjectConfigurationPlatforms) = postSolution
		{8B46116C-4610-41F1-8D39-FA29FEEBD3C3}.Debug|Any CPU.ActiveCfg = Debug|Any CPU
		{8B46116C-4610-41F1-8D39-FA29FEEBD3C3}.Debug|Any CPU.Build.0 = Debug|Any CPU
		{8B46116C-4610-41F1-8D39-FA29FEEBD3C3}.Release|Any CPU.ActiveCfg = Release|Any CPU
		{8B46116C-4610-41F1-8D39-FA29FEEBD3C3}.Release|Any CPU.Build.0 = Release|Any CPU
		{AC66B485-4DF9-4839-8F7F-337354B68D29}.Debug|Any CPU.ActiveCfg = Debug|Any CPU
		{AC66B485-4DF9-4839-8F7F-337354B68D29}.Debug|Any CPU.Build.0 = Debug|Any CPU
		{AC66B485-4DF9-4839-8F7F-337354B68D29}.Release|Any CPU.ActiveCfg = Release|Any CPU
		{AC66B485-4DF9-4839-8F7F-337354B68D29}.Release|Any CPU.Build.0 = Release|Any CPU
		{537E8F2D-FD6C-4344-B1E8-E95926DC6212}.Debug|Any CPU.ActiveCfg = Debug|Any CPU
		{537E8F2D-FD6C-4344-B1E8-E95926DC6212}.Debug|Any CPU.Build.0 = Debug|Any CPU
		{537E8F2D-FD6C-4344-B1E8-E95926DC6212}.Release|Any CPU.ActiveCfg = Release|Any CPU
		{537E8F2D-FD6C-4344-B1E8-E95926DC6212}.Release|Any CPU.Build.0 = Release|Any CPU
		{EE1A47D7-BE13-49F9-8426-FD440E313814}.Debug|Any CPU.ActiveCfg = Debug|Any CPU
		{EE1A47D7-BE13-49F9-8426-FD440E313814}.Debug|Any CPU.Build.0 = Debug|Any CPU
		{EE1A47D7-BE13-49F9-8426-FD440E313814}.Release|Any CPU.ActiveCfg = Release|Any CPU
		{EE1A47D7-BE13-49F9-8426-FD440E313814}.Release|Any CPU.Build.0 = Release|Any CPU
		{2F0B30DB-2902-4241-9289-63C13AAB3FFE}.Debug|Any CPU.ActiveCfg = Debug|Any CPU
		{2F0B30DB-2902-4241-9289-63C13AAB3FFE}.Debug|Any CPU.Build.0 = Debug|Any CPU
		{2F0B30DB-2902-4241-9289-63C13AAB3FFE}.Release|Any CPU.ActiveCfg = Release|Any CPU
		{2F0B30DB-2902-4241-9289-63C13AAB3FFE}.Release|Any CPU.Build.0 = Release|Any CPU
	EndGlobalSection
	GlobalSection(SolutionProperties) = preSolution
		HideSolutionNode = FALSE
	EndGlobalSection
	GlobalSection(ExtensibilityGlobals) = postSolution
		SolutionGuid = {E85399B2-5BF6-479C-B2F4-BFA28EE66F29}
	EndGlobalSection
EndGlobal
